
Microsoft Visual Studio Solution File, Format Version 12.00
# Visual Studio Version 17
VisualStudioVersion = 17.0.31903.59
MinimumVisualStudioVersion = 10.0.40219.1
Project("{2150E333-8FDC-42A3-9474-1A3956D46DE8}") = "src", "src", "{827E0CD3-B72D-47B6-A68D-7590B98EB39B}"
EndProject
Project("{FAE04EC0-301F-11D3-BF4B-00C04F79EFBC}") = "TravelBuddy.Api", "src\TravelBuddy.Api\TravelBuddy.Api.csproj", "{6221BE0F-99AD-47B3-AC2F-5D9AE535E642}"
EndProject
Project("{2150E333-8FDC-42A3-9474-1A3956D46DE8}") = "Shared", "Shared", "{C8E42992-5E42-0C2B-DBFE-AA848D06431C}"
EndProject
Project("{FAE04EC0-301F-11D3-BF4B-00C04F79EFBC}") = "TravelBuddy.SharedKernel", "src\Shared\TravelBuddy.SharedKernel\TravelBuddy.SharedKernel.csproj", "{60BADACC-2C41-4955-9A54-0ED16C09DC82}"
EndProject
Project("{2150E333-8FDC-42A3-9474-1A3956D46DE8}") = "Modules", "Modules", "{EC447DCF-ABFA-6E24-52A5-D7FD48A5C558}"
EndProject
Project("{FAE04EC0-301F-11D3-BF4B-00C04F79EFBC}") = "TravelBuddy.Users", "src\Modules\TravelBuddy.Users\TravelBuddy.Users.csproj", "{7E58A4FD-D592-468B-8EE1-2FC5F0E90648}"
EndProject
Project("{FAE04EC0-301F-11D3-BF4B-00C04F79EFBC}") = "TravelBuddy.Trips", "src\Modules\TravelBuddy.Trips\TravelBuddy.Trips.csproj", "{5DAB50AE-EF6F-46B8-A0F1-92F70FFE876F}"
EndProject
Project("{FAE04EC0-301F-11D3-BF4B-00C04F79EFBC}") = "TravelBuddy.Messaging", "src\Modules\TravelBuddy.Messaging\TravelBuddy.Messaging.csproj", "{FB5B5D35-5658-4044-8009-761B4DACEFB6}"
EndProject
Global
	GlobalSection(SolutionConfigurationPlatforms) = preSolution
		Debug|Any CPU = Debug|Any CPU
		Debug|x64 = Debug|x64
		Debug|x86 = Debug|x86
		Release|Any CPU = Release|Any CPU
		Release|x64 = Release|x64
		Release|x86 = Release|x86
	EndGlobalSection
	GlobalSection(ProjectConfigurationPlatforms) = postSolution
		{6221BE0F-99AD-47B3-AC2F-5D9AE535E642}.Debug|Any CPU.ActiveCfg = Debug|Any CPU
		{6221BE0F-99AD-47B3-AC2F-5D9AE535E642}.Debug|Any CPU.Build.0 = Debug|Any CPU
		{6221BE0F-99AD-47B3-AC2F-5D9AE535E642}.Debug|x64.ActiveCfg = Debug|Any CPU
		{6221BE0F-99AD-47B3-AC2F-5D9AE535E642}.Debug|x64.Build.0 = Debug|Any CPU
		{6221BE0F-99AD-47B3-AC2F-5D9AE535E642}.Debug|x86.ActiveCfg = Debug|Any CPU
		{6221BE0F-99AD-47B3-AC2F-5D9AE535E642}.Debug|x86.Build.0 = Debug|Any CPU
		{6221BE0F-99AD-47B3-AC2F-5D9AE535E642}.Release|Any CPU.ActiveCfg = Release|Any CPU
		{6221BE0F-99AD-47B3-AC2F-5D9AE535E642}.Release|Any CPU.Build.0 = Release|Any CPU
		{6221BE0F-99AD-47B3-AC2F-5D9AE535E642}.Release|x64.ActiveCfg = Release|Any CPU
		{6221BE0F-99AD-47B3-AC2F-5D9AE535E642}.Release|x64.Build.0 = Release|Any CPU
		{6221BE0F-99AD-47B3-AC2F-5D9AE535E642}.Release|x86.ActiveCfg = Release|Any CPU
		{6221BE0F-99AD-47B3-AC2F-5D9AE535E642}.Release|x86.Build.0 = Release|Any CPU
		{60BADACC-2C41-4955-9A54-0ED16C09DC82}.Debug|Any CPU.ActiveCfg = Debug|Any CPU
		{60BADACC-2C41-4955-9A54-0ED16C09DC82}.Debug|Any CPU.Build.0 = Debug|Any CPU
		{60BADACC-2C41-4955-9A54-0ED16C09DC82}.Debug|x64.ActiveCfg = Debug|Any CPU
		{60BADACC-2C41-4955-9A54-0ED16C09DC82}.Debug|x64.Build.0 = Debug|Any CPU
		{60BADACC-2C41-4955-9A54-0ED16C09DC82}.Debug|x86.ActiveCfg = Debug|Any CPU
		{60BADACC-2C41-4955-9A54-0ED16C09DC82}.Debug|x86.Build.0 = Debug|Any CPU
		{60BADACC-2C41-4955-9A54-0ED16C09DC82}.Release|Any CPU.ActiveCfg = Release|Any CPU
		{60BADACC-2C41-4955-9A54-0ED16C09DC82}.Release|Any CPU.Build.0 = Release|Any CPU
		{60BADACC-2C41-4955-9A54-0ED16C09DC82}.Release|x64.ActiveCfg = Release|Any CPU
		{60BADACC-2C41-4955-9A54-0ED16C09DC82}.Release|x64.Build.0 = Release|Any CPU
		{60BADACC-2C41-4955-9A54-0ED16C09DC82}.Release|x86.ActiveCfg = Release|Any CPU
		{60BADACC-2C41-4955-9A54-0ED16C09DC82}.Release|x86.Build.0 = Release|Any CPU
		{7E58A4FD-D592-468B-8EE1-2FC5F0E90648}.Debug|Any CPU.ActiveCfg = Debug|Any CPU
		{7E58A4FD-D592-468B-8EE1-2FC5F0E90648}.Debug|Any CPU.Build.0 = Debug|Any CPU
		{7E58A4FD-D592-468B-8EE1-2FC5F0E90648}.Debug|x64.ActiveCfg = Debug|Any CPU
		{7E58A4FD-D592-468B-8EE1-2FC5F0E90648}.Debug|x64.Build.0 = Debug|Any CPU
		{7E58A4FD-D592-468B-8EE1-2FC5F0E90648}.Debug|x86.ActiveCfg = Debug|Any CPU
		{7E58A4FD-D592-468B-8EE1-2FC5F0E90648}.Debug|x86.Build.0 = Debug|Any CPU
		{7E58A4FD-D592-468B-8EE1-2FC5F0E90648}.Release|Any CPU.ActiveCfg = Release|Any CPU
		{7E58A4FD-D592-468B-8EE1-2FC5F0E90648}.Release|Any CPU.Build.0 = Release|Any CPU
		{7E58A4FD-D592-468B-8EE1-2FC5F0E90648}.Release|x64.ActiveCfg = Release|Any CPU
		{7E58A4FD-D592-468B-8EE1-2FC5F0E90648}.Release|x64.Build.0 = Release|Any CPU
		{7E58A4FD-D592-468B-8EE1-2FC5F0E90648}.Release|x86.ActiveCfg = Release|Any CPU
		{7E58A4FD-D592-468B-8EE1-2FC5F0E90648}.Release|x86.Build.0 = Release|Any CPU
		{5DAB50AE-EF6F-46B8-A0F1-92F70FFE876F}.Debug|Any CPU.ActiveCfg = Debug|Any CPU
		{5DAB50AE-EF6F-46B8-A0F1-92F70FFE876F}.Debug|Any CPU.Build.0 = Debug|Any CPU
		{5DAB50AE-EF6F-46B8-A0F1-92F70FFE876F}.Debug|x64.ActiveCfg = Debug|Any CPU
		{5DAB50AE-EF6F-46B8-A0F1-92F70FFE876F}.Debug|x64.Build.0 = Debug|Any CPU
		{5DAB50AE-EF6F-46B8-A0F1-92F70FFE876F}.Debug|x86.ActiveCfg = Debug|Any CPU
		{5DAB50AE-EF6F-46B8-A0F1-92F70FFE876F}.Debug|x86.Build.0 = Debug|Any CPU
		{5DAB50AE-EF6F-46B8-A0F1-92F70FFE876F}.Release|Any CPU.ActiveCfg = Release|Any CPU
		{5DAB50AE-EF6F-46B8-A0F1-92F70FFE876F}.Release|Any CPU.Build.0 = Release|Any CPU
		{5DAB50AE-EF6F-46B8-A0F1-92F70FFE876F}.Release|x64.ActiveCfg = Release|Any CPU
		{5DAB50AE-EF6F-46B8-A0F1-92F70FFE876F}.Release|x64.Build.0 = Release|Any CPU
		{5DAB50AE-EF6F-46B8-A0F1-92F70FFE876F}.Release|x86.ActiveCfg = Release|Any CPU
		{5DAB50AE-EF6F-46B8-A0F1-92F70FFE876F}.Release|x86.Build.0 = Release|Any CPU
		{FB5B5D35-5658-4044-8009-761B4DACEFB6}.Debug|Any CPU.ActiveCfg = Debug|Any CPU
		{FB5B5D35-5658-4044-8009-761B4DACEFB6}.Debug|Any CPU.Build.0 = Debug|Any CPU
		{FB5B5D35-5658-4044-8009-761B4DACEFB6}.Debug|x64.ActiveCfg = Debug|Any CPU
		{FB5B5D35-5658-4044-8009-761B4DACEFB6}.Debug|x64.Build.0 = Debug|Any CPU
		{FB5B5D35-5658-4044-8009-761B4DACEFB6}.Debug|x86.ActiveCfg = Debug|Any CPU
		{FB5B5D35-5658-4044-8009-761B4DACEFB6}.Debug|x86.Build.0 = Debug|Any CPU
		{FB5B5D35-5658-4044-8009-761B4DACEFB6}.Release|Any CPU.ActiveCfg = Release|Any CPU
		{FB5B5D35-5658-4044-8009-761B4DACEFB6}.Release|Any CPU.Build.0 = Release|Any CPU
		{FB5B5D35-5658-4044-8009-761B4DACEFB6}.Release|x64.ActiveCfg = Release|Any CPU
		{FB5B5D35-5658-4044-8009-761B4DACEFB6}.Release|x64.Build.0 = Release|Any CPU
		{FB5B5D35-5658-4044-8009-761B4DACEFB6}.Release|x86.ActiveCfg = Release|Any CPU
		{FB5B5D35-5658-4044-8009-761B4DACEFB6}.Release|x86.Build.0 = Release|Any CPU
	EndGlobalSection
	GlobalSection(SolutionProperties) = preSolution
		HideSolutionNode = FALSE
	EndGlobalSection
	GlobalSection(NestedProjects) = preSolution
		{6221BE0F-99AD-47B3-AC2F-5D9AE535E642} = {827E0CD3-B72D-47B6-A68D-7590B98EB39B}
		{C8E42992-5E42-0C2B-DBFE-AA848D06431C} = {827E0CD3-B72D-47B6-A68D-7590B98EB39B}
		{60BADACC-2C41-4955-9A54-0ED16C09DC82} = {C8E42992-5E42-0C2B-DBFE-AA848D06431C}
		{EC447DCF-ABFA-6E24-52A5-D7FD48A5C558} = {827E0CD3-B72D-47B6-A68D-7590B98EB39B}
		{7E58A4FD-D592-468B-8EE1-2FC5F0E90648} = {EC447DCF-ABFA-6E24-52A5-D7FD48A5C558}
		{5DAB50AE-EF6F-46B8-A0F1-92F70FFE876F} = {EC447DCF-ABFA-6E24-52A5-D7FD48A5C558}
		{FB5B5D35-5658-4044-8009-761B4DACEFB6} = {EC447DCF-ABFA-6E24-52A5-D7FD48A5C558}
	EndGlobalSection
EndGlobal
